# This file is autogenerated, do not edit; changes may be undone by the next 'dep ensure'.


[[projects]]
  digest = "1:ba852707958e39694e7f64328008287892adf9b1aed0174480e2f50e0c23e521"
  name = "github.com/logrusorgru/aurora"
  packages = ["."]
  pruneopts = "UT"
  revision = "21d75270181e0436fee7bd58b991c212cf309068"
  version = "v2.0"

[[projects]]
  branch = "master"
  digest = "1:ca4442090e3e524b7ff835c78b666db1a1a03211995ab2847a28e3c9b69af608"
  name = "golang.org/x/net"
  packages = [
    "idna",
    "publicsuffix",
  ]
  pruneopts = "UT"
  revision = "d98b1b4438230571bd7fbc5aaa89843e92937bd3"

[[projects]]
  digest = "1:8d8faad6b12a3a4c819a3f9618cb6ee1fa1cfc33253abeeea8b55336721e3405"
  name = "golang.org/x/text"
  packages = [
    "collate",
    "collate/build",
    "internal/colltab",
    "internal/gen",
    "internal/language",
    "internal/language/compact",
    "internal/tag",
    "internal/triegen",
    "internal/ucd",
    "language",
    "secure/bidirule",
    "transform",
    "unicode/bidi",
    "unicode/cldr",
    "unicode/norm",
    "unicode/rangetable",
  ]
  pruneopts = "UT"
  revision = "342b2e1fbaa52c93f31447ad2c6abc048c63e475"
  version = "v0.3.2"

[[projects]]
  digest = "1:59f10c1537d2199d9115d946927fe31165959a95190849c82ff11e05803528b0"
  name = "gopkg.in/yaml.v2"
  packages = ["."]
  pruneopts = "UT"
  revision = "f221b8435cfb71e54062f6c6e99e9ade30b124d5"
  version = "v2.2.4"

[[projects]]
  digest = "1:af772d2f8f07e39b8d0d365824c5535a8af8b700f7bbb6fbe49f782eced2671c"
  name = "h12.io/socks"
  packages = ["."]
  pruneopts = "UT"
  revision = "a9ac29b9de07c8ca4096eff4c8ec0f5d3478abd6"
  version = "v1.0.0"

[solve-meta]
  analyzer-name = "dep"
  analyzer-version = 1
  input-imports = [
    "github.com/logrusorgru/aurora",
    "golang.org/x/net/publicsuffix",
    "gopkg.in/yaml.v2",
    "h12.io/socks",
  ]
  solver-name = "gps-cdcl"
  solver-version = 1
